
Microsoft Visual Studio Solution File, Format Version 12.00
# Visual Studio Version 16
VisualStudioVersion = 16.0.34407.143
MinimumVisualStudioVersion = 10.0.40219.1
Project("{FAE04EC0-301F-11D3-BF4B-00C04F79EFBC}") = "gunjkamg_InClass20240409", "gunjkamg_InClass20240409\gunjkamg_InClass20240409.csproj", "{09F72283-DDDA-4E5E-9269-F061184FBE87}"
EndProject
Global
	GlobalSection(SolutionConfigurationPlatforms) = preSolution
		Debug|Any CPU = Debug|Any CPU
		Release|Any CPU = Release|Any CPU
	EndGlobalSection
	GlobalSection(ProjectConfigurationPlatforms) = postSolution
		{09F72283-DDDA-4E5E-9269-F061184FBE87}.Debug|Any CPU.ActiveCfg = Debug|Any CPU
		{09F72283-DDDA-4E5E-9269-F061184FBE87}.Debug|Any CPU.Build.0 = Debug|Any CPU
		{09F72283-DDDA-4E5E-9269-F061184FBE87}.Release|Any CPU.ActiveCfg = Release|Any CPU
		{09F72283-DDDA-4E5E-9269-F061184FBE87}.Release|Any CPU.Build.0 = Release|Any CPU
	EndGlobalSection
	GlobalSection(SolutionProperties) = preSolution
		HideSolutionNode = FALSE
	EndGlobalSection
	GlobalSection(ExtensibilityGlobals) = postSolution
		SolutionGuid = {735E49B3-2644-47A9-9A77-70BE4AAE9408}
	EndGlobalSection
EndGlobal
